
Microsoft Visual Studio Solution File, Format Version 12.00
# Visual Studio 2017
Project("{FAE04EC0-301F-11D3-BF4B-00C04F79EFBC}") = "RubbishPlanet.Editor", "RubbishPlanet.Editor.csproj", "{FAEDD64F-9A83-D280-03F6-2C3DA04723FF}"
EndProject
Project("{FAE04EC0-301F-11D3-BF4B-00C04F79EFBC}") = "RubbishPlanet.Editor", "RubbishPlanet.Editor.csproj", "{FAEDD64F-9A83-D280-03F6-2C3DA04723FF}"
EndProject
Global
	GlobalSection(SolutionConfigurationPlatforms) = preSolution
		Debug|Any CPU = Debug|Any CPU
		Release|Any CPU = Release|Any CPU
	EndGlobalSection
	GlobalSection(ProjectConfigurationPlatforms) = postSolution
		{FAEDD64F-9A83-D280-03F6-2C3DA04723FF}.Debug|Any CPU.ActiveCfg = Debug|Any CPU
		{FAEDD64F-9A83-D280-03F6-2C3DA04723FF}.Debug|Any CPU.Build.0 = Debug|Any CPU
		{FAEDD64F-9A83-D280-03F6-2C3DA04723FF}.Release|Any CPU.ActiveCfg = Release|Any CPU
		{FAEDD64F-9A83-D280-03F6-2C3DA04723FF}.Release|Any CPU.Build.0 = Release|Any CPU
		{FAEDD64F-9A83-D280-03F6-2C3DA04723FF}.Debug|Any CPU.ActiveCfg = Debug|Any CPU
		{FAEDD64F-9A83-D280-03F6-2C3DA04723FF}.Debug|Any CPU.Build.0 = Debug|Any CPU
		{FAEDD64F-9A83-D280-03F6-2C3DA04723FF}.Release|Any CPU.ActiveCfg = Release|Any CPU
		{FAEDD64F-9A83-D280-03F6-2C3DA04723FF}.Release|Any CPU.Build.0 = Release|Any CPU
	EndGlobalSection
	GlobalSection(SolutionProperties) = preSolution
		HideSolutionNode = FALSE
	EndGlobalSection
EndGlobal
